<?xml version="1.0" encoding="UTF-8" standalone="yes" ?>
<CodeBlocks_project_file>
	<FileVersion major="1" minor="6" />
	<Project>
		<Option title="Space-Shooter" />
		<Option pch_mode="2" />
		<Option compiler="gcc" />
		<Build>
			<Target title="Debug">
				<Option output="bin/Debug/Space-Shooter" prefix_auto="1" extension_auto="1" />
				<Option object_output="obj/Debug/" />
				<Option type="1" />
				<Option compiler="gcc" />
				<Compiler>
					<Add option="-g" />
				</Compiler>
			</Target>
			<Target title="Release">
				<Option output="bin/Release/Space-Shooter" prefix_auto="1" extension_auto="1" />
				<Option object_output="obj/Release/" />
				<Option type="1" />
				<Option compiler="gcc" />
				<Compiler>
					<Add option="-O2" />
				</Compiler>
				<Linker>
					<Add option="-s" />
				</Linker>
			</Target>
		</Build>
		<Compiler>
			<Add option="-Wall" />
			<Add option="-fexceptions" />
		</Compiler>
		<Unit filename="resource.rc">
			<Option compilerVar="WINDRES" />
		</Unit>
		<Unit filename="source codes/Animation.cpp" />
		<Unit filename="source codes/Animation.h" />
		<Unit filename="source codes/Entity.h" />
		<Unit filename="source codes/Enttity.cpp" />
		<Unit filename="source codes/GamePlay.cpp" />
		<Unit filename="source codes/GamePlay.h" />
		<Unit filename="source codes/MainMenu.cpp" />
		<Unit filename="source codes/MainMenu.h" />
		<Unit filename="source codes/Objects.cpp" />
		<Unit filename="source codes/Objects.h" />
		<Unit filename="source codes/Sound.cpp" />
		<Unit filename="source codes/Sound.h" />
		<Unit filename="source codes/Texture.cpp" />
		<Unit filename="source codes/Texture.h" />
		<Unit filename="source codes/main.cpp" />
		<Extensions>
			<code_completion />
			<envvars />
			<debugger />
		</Extensions>
	</Project>
</CodeBlocks_project_file>
